
Microsoft Visual Studio Solution File, Format Version 12.00
# Visual Studio Version 17
VisualStudioVersion = 17.11.35327.3
MinimumVisualStudioVersion = 10.0.40219.1
Project("{FAE04EC0-301F-11D3-BF4B-00C04F79EFBC}") = "Set2Ex8", "Set2Ex8.csproj", "{C150AB98-B5E5-4C45-A5C6-B3A5FF7AA57F}"
EndProject
Global
	GlobalSection(SolutionConfigurationPlatforms) = preSolution
		Debug|Any CPU = Debug|Any CPU
		Release|Any CPU = Release|Any CPU
	EndGlobalSection
	GlobalSection(ProjectConfigurationPlatforms) = postSolution
		{C150AB98-B5E5-4C45-A5C6-B3A5FF7AA57F}.Debug|Any CPU.ActiveCfg = Debug|Any CPU
		{C150AB98-B5E5-4C45-A5C6-B3A5FF7AA57F}.Debug|Any CPU.Build.0 = Debug|Any CPU
		{C150AB98-B5E5-4C45-A5C6-B3A5FF7AA57F}.Release|Any CPU.ActiveCfg = Release|Any CPU
		{C150AB98-B5E5-4C45-A5C6-B3A5FF7AA57F}.Release|Any CPU.Build.0 = Release|Any CPU
	EndGlobalSection
	GlobalSection(SolutionProperties) = preSolution
		HideSolutionNode = FALSE
	EndGlobalSection
	GlobalSection(ExtensibilityGlobals) = postSolution
		SolutionGuid = {356B7EDA-393E-4C35-BA1A-045883E4E94B}
	EndGlobalSection
EndGlobal
